# Generated by buf. DO NOT EDIT.
version: v1
deps:
  - remote: buf.build
    owner: gnostic
    repository: gnostic
    commit: 087bc8072ce44e339f213209e4d57bf0
    digest: shake256:4689c26f0460fea84c4c277c1b9c7e7d657388c5b4116d1065f907a92100ffbea87de05bbd138a0166411361e1f6ce063b4c0c6002358d39710f3c4a8de788d5
  - remote: buf.build
    owner: googleapis
    repository: googleapis
    commit: cc916c31859748a68fd229a3c8d7a2e8
    digest: shake256:469b049d0eb04203d5272062636c078decefc96fec69739159c25d85349c50c34c7706918a8b216c5c27f76939df48452148cff8c5c3ae77fa6ba5c25c1b8bf8
