{
  "name": "proto",
  "lockfileVersion": 3,
  "requires": true,
  "packages": {
    "": {
      "dependencies": {
        "@bufbuild/buf": "^1.20.0-1",
        "@bufbuild/protobuf": "^1.2.1",
        "@bufbuild/protoc-gen-es": "^1.2.1"
      }
    },
    "node_modules/@bufbuild/buf": {
      "version": "1.20.0-1",
      "resolved": "https://registry.npmjs.org/@bufbuild/buf/-/buf-1.20.0-1.tgz",
      "integrity": "sha512-968pFRseb+YjdI+6tt6GxOir7+366ZVIS0uZAEkcbhMP7MK/qBI6KIgbldnMwRmhFKmVQ+H3mPK49tKMjylGhg==",
      "hasInstallScript": true,
      "bin": {
        "buf": "bin/buf",
        "protoc-gen-buf-breaking": "bin/protoc-gen-buf-breaking",
        "protoc-gen-buf-lint": "bin/protoc-gen-buf-lint"
      },
      "engines": {
        "node": ">=12"
      },
      "optionalDependencies": {
        "@bufbuild/buf-darwin-arm64": "1.20.0-1",
        "@bufbuild/buf-darwin-x64": "1.20.0-1",
        "@bufbuild/buf-linux-aarch64": "1.20.0-1",
        "@bufbuild/buf-linux-x64": "1.20.0-1",
        "@bufbuild/buf-win32-arm64": "1.20.0-1",
        "@bufbuild/buf-win32-x64": "1.20.0-1"
      }
    },
    "node_modules/@bufbuild/buf-darwin-arm64": {
      "version": "1.20.0-1",
      "resolved": "https://registry.npmjs.org/@bufbuild/buf-darwin-arm64/-/buf-darwin-arm64-1.20.0-1.tgz",
      "integrity": "sha512-zLX9BPSfg4ny3tyFBesQrraMHXCnLT9rG+p8ijLa+uihipfhxAiXmNChrVF6Pi6qYpAOffc582zB7PVHGRG7yA==",
      "cpu": [
        "arm64"
      ],
      "optional": true,
      "os": [
        "darwin"
      ],
      "engines": {
        "node": ">=12"
      }
    },
    "node_modules/@bufbuild/buf-darwin-x64": {
      "version": "1.20.0-1",
      "resolved": "https://registry.npmjs.org/@bufbuild/buf-darwin-x64/-/buf-darwin-x64-1.20.0-1.tgz",
      "integrity": "sha512-mMulq+3hhNYDYPhz/oZLgxcDUGoixnVIjlvyVeU84WmzvV/p5MxgRWRnalEd8IHt+newjeM0h4QZh5cbewjWjg==",
      "cpu": [
        "x64"
      ],
      "optional": true,
      "os": [
        "darwin"
      ],
      "engines": {
        "node": ">=12"
      }
    },
    "node_modules/@bufbuild/buf-linux-aarch64": {
      "version": "1.20.0-1",
      "resolved": "https://registry.npmjs.org/@bufbuild/buf-linux-aarch64/-/buf-linux-aarch64-1.20.0-1.tgz",
      "integrity": "sha512-S2DR3x2gxT4vItP0pWeG3TdBqLdELtL3uZQrUVq9kHm1jbeuRiUn8RomGOVvWzMRQIkcInqH26i0QAg+dki77g==",
      "cpu": [
        "arm64"
      ],
      "optional": true,
      "os": [
        "linux"
      ],
      "engines": {
        "node": ">=12"
      }
    },
    "node_modules/@bufbuild/buf-linux-x64": {
      "version": "1.20.0-1",
      "resolved": "https://registry.npmjs.org/@bufbuild/buf-linux-x64/-/buf-linux-x64-1.20.0-1.tgz",
      "integrity": "sha512-q9ThJ02hNRdPzufOFB8KZxerER08JGPE0NDO+4IRAM3v8kA/AetToPtnZ3JvZ4vUHQhJ7n3cfFtNpOapHNhFqw==",
      "cpu": [
        "x64"
      ],
      "optional": true,
      "os": [
        "linux"
      ],
      "engines": {
        "node": ">=12"
      }
    },
    "node_modules/@bufbuild/buf-win32-arm64": {
      "version": "1.20.0-1",
      "resolved": "https://registry.npmjs.org/@bufbuild/buf-win32-arm64/-/buf-win32-arm64-1.20.0-1.tgz",
      "integrity": "sha512-Syk5NLbmy/fW0sqGetykfjJamTVZ16hTCXVHASQRp9sOMZrAai2uNDzQDzTmIGgheFbQN0aZh7MdCQYvGGSAlA==",
      "cpu": [
        "arm64"
      ],
      "optional": true,
      "os": [
        "win32"
      ],
      "engines": {
        "node": ">=12"
      }
    },
    "node_modules/@bufbuild/buf-win32-x64": {
      "version": "1.20.0-1",
      "resolved": "https://registry.npmjs.org/@bufbuild/buf-win32-x64/-/buf-win32-x64-1.20.0-1.tgz",
      "integrity": "sha512-NyMjh9EVchxWRPphEXEdF2U+a7DrDaTwn6e2g0JY/1+d8PK8fkEZgUQs8zyRIXpldjFQDsjzXj+ScblwH28ZhQ==",
      "cpu": [
        "x64"
      ],
      "optional": true,
      "os": [
        "win32"
      ],
      "engines": {
        "node": ">=12"
      }
    },
    "node_modules/@bufbuild/protobuf": {
      "version": "1.2.1",
      "resolved": "https://registry.npmjs.org/@bufbuild/protobuf/-/protobuf-1.2.1.tgz",
      "integrity": "sha512-cwwGvLGqvoaOZmoP5+i4v/rbW+rHkguvTehuZyM2p/xpmaNSdT2h3B7kHw33aiffv35t1XrYHIkdJSEkSEMJuA=="
    },
    "node_modules/@bufbuild/protoc-gen-es": {
      "version": "1.2.1",
      "resolved": "https://registry.npmjs.org/@bufbuild/protoc-gen-es/-/protoc-gen-es-1.2.1.tgz",
      "integrity": "sha512-Nfg4ZTYciAgzqrbuGtRHR2TV4tueP10cRSD/joe57EeT0hfiXT0oQzH4OO3CzqqZvMxfkxpO4jgJgtwdQd941g==",
      "dependencies": {
        "@bufbuild/protoplugin": "1.2.1"
      },
      "bin": {
        "protoc-gen-es": "bin/protoc-gen-es"
      },
      "engines": {
        "node": ">=14"
      },
      "peerDependencies": {
        "@bufbuild/protobuf": "1.2.1"
      },
      "peerDependenciesMeta": {
        "@bufbuild/protobuf": {
          "optional": true
        }
      }
    },
    "node_modules/@bufbuild/protoplugin": {
      "version": "1.2.1",
      "resolved": "https://registry.npmjs.org/@bufbuild/protoplugin/-/protoplugin-1.2.1.tgz",
      "integrity": "sha512-7VtPgJGXcOszidMpQRQK9wm8QlKqC80Uc5XR9+Ej+DN4Ur64dAW1djZ7kLZ3ij6Z9IY4FteGQT+ubUNxzcW2NA==",
      "dependencies": {
        "@bufbuild/protobuf": "1.2.1",
        "@typescript/vfs": "^1.4.0",
        "typescript": "4.5.2"
      }
    },
    "node_modules/@typescript/vfs": {
      "version": "1.4.0",
      "resolved": "https://registry.npmjs.org/@typescript/vfs/-/vfs-1.4.0.tgz",
      "integrity": "sha512-Pood7yv5YWMIX+yCHo176OnF8WUlKGImFG7XlsuH14Zb1YN5+dYD3uUtS7lqZtsH7tAveNUi2NzdpQCN0yRbaw==",
      "dependencies": {
        "debug": "^4.1.1"
      }
    },
    "node_modules/debug": {
      "version": "4.3.4",
      "resolved": "https://registry.npmjs.org/debug/-/debug-4.3.4.tgz",
      "integrity": "sha512-PRWFHuSU3eDtQJPvnNY7Jcket1j0t5OuOsFzPPzsekD52Zl8qUfFIPEiswXqIvHWGVHOgX+7G/vCNNhehwxfkQ==",
      "dependencies": {
        "ms": "2.1.2"
      },
      "engines": {
        "node": ">=6.0"
      },
      "peerDependenciesMeta": {
        "supports-color": {
          "optional": true
        }
      }
    },
    "node_modules/ms": {
      "version": "2.1.2",
      "resolved": "https://registry.npmjs.org/ms/-/ms-2.1.2.tgz",
      "integrity": "sha512-sGkPx+VjMtmA6MX27oA4FBFELFCZZ4S4XqeGOXCv68tT+jb3vk/RyaKWP0PTKyWtmLSM0b+adUTEvbs1PEaH2w=="
    },
    "node_modules/typescript": {
      "version": "4.5.2",
      "resolved": "https://registry.npmjs.org/typescript/-/typescript-4.5.2.tgz",
      "integrity": "sha512-5BlMof9H1yGt0P8/WF+wPNw6GfctgGjXp5hkblpyT+8rkASSmkUKMXrxR0Xg8ThVCi/JnHQiKXeBaEwCeQwMFw==",
      "bin": {
        "tsc": "bin/tsc",
        "tsserver": "bin/tsserver"
      },
      "engines": {
        "node": ">=4.2.0"
      }
    }
  }
}
