{
  "name": "@apibrew/root",
  "version": "1.0.18",
  "lockfileVersion": 3,
  "requires": true,
  "packages": {
    "": {
      "name": "@apibrew/root",
      "version": "1.0.18",
      "license": "ISC",
      "workspaces": [
        "true"
      ]
    },
    "node_modules/@apibrew/root": {
      "resolved": "true",
      "link": true
    },
    "true": {
      "name": "@apibrew/root",
      "version": "1.0.0",
      "license": "ISC"
    }
  }
}
